// !$*UTF8*$!
{
	archiveVersion = 1;
	classes = {
	};
	objectVersion = 46;
	objects = {

/* Begin PBXBuildFile section */
		BC097D151DB7E4FE004B55BB /* main.m in Sources */ = {isa = PBXBuildFile; fileRef = BC097D141DB7E4FE004B55BB /* main.m */; };
		BC097D181DB7E4FE004B55BB /* AppDelegate.m in Sources */ = {isa = PBXBuildFile; fileRef = BC097D171DB7E4FE004B55BB /* AppDelegate.m */; };
		BC097D1E1DB7E4FF004B55BB /* Main.storyboard in Resources */ = {isa = PBXBuildFile; fileRef = BC097D1C1DB7E4FF004B55BB /* Main.storyboard */; };
		BC097D201DB7E4FF004B55BB /* Assets.xcassets in Resources */ = {isa = PBXBuildFile; fileRef = BC097D1F1DB7E4FF004B55BB /* Assets.xcassets */; };
		BC097D231DB7E4FF004B55BB /* LaunchScreen.storyboard in Resources */ = {isa = PBXBuildFile; fileRef = BC097D211DB7E4FF004B55BB /* LaunchScreen.storyboard */; };
		BC097D321DB7E9E0004B55BB /* CategoriesTableViewController.m in Sources */ = {isa = PBXBuildFile; fileRef = BC097D311DB7E9E0004B55BB /* CategoriesTableViewController.m */; };
		BC5C71AA1DBA566F0075A137 /* CategoryEventsTVC.m in Sources */ = {isa = PBXBuildFile; fileRef = BC5C71A91DBA566F0075A137 /* CategoryEventsTVC.m */; };
		BC5C71AD1DBA63EA0075A137 /* EventTableViewCell.m in Sources */ = {isa = PBXBuildFile; fileRef = BC5C71AC1DBA63EA0075A137 /* EventTableViewCell.m */; };
		BC5C71B01DBAA9960075A137 /* SubeventViewController.m in Sources */ = {isa = PBXBuildFile; fileRef = BC5C71AF1DBAA9960075A137 /* SubeventViewController.m */; };
		BC62B9A81DB921A900CD444E /* CultservFetcher.m in Sources */ = {isa = PBXBuildFile; fileRef = BC62B9A71DB921A900CD444E /* CultservFetcher.m */; };
/* End PBXBuildFile section */

/* Begin PBXFileReference section */
		BC097D101DB7E4FE004B55BB /* CulturEvents.app */ = {isa = PBXFileReference; explicitFileType = wrapper.application; includeInIndex = 0; path = CulturEvents.app; sourceTree = BUILT_PRODUCTS_DIR; };
		BC097D141DB7E4FE004B55BB /* main.m */ = {isa = PBXFileReference; lastKnownFileType = sourcecode.c.objc; path = main.m; sourceTree = "<group>"; };
		BC097D161DB7E4FE004B55BB /* AppDelegate.h */ = {isa = PBXFileReference; lastKnownFileType = sourcecode.c.h; path = AppDelegate.h; sourceTree = "<group>"; };
		BC097D171DB7E4FE004B55BB /* AppDelegate.m */ = {isa = PBXFileReference; lastKnownFileType = sourcecode.c.objc; path = AppDelegate.m; sourceTree = "<group>"; };
		BC097D1D1DB7E4FF004B55BB /* Base */ = {isa = PBXFileReference; lastKnownFileType = file.storyboard; name = Base; path = Base.lproj/Main.storyboard; sourceTree = "<group>"; };
		BC097D1F1DB7E4FF004B55BB /* Assets.xcassets */ = {isa = PBXFileReference; lastKnownFileType = folder.assetcatalog; path = Assets.xcassets; sourceTree = "<group>"; };
		BC097D221DB7E4FF004B55BB /* Base */ = {isa = PBXFileReference; lastKnownFileType = file.storyboard; name = Base; path = Base.lproj/LaunchScreen.storyboard; sourceTree = "<group>"; };
		BC097D241DB7E4FF004B55BB /* Info.plist */ = {isa = PBXFileReference; lastKnownFileType = text.plist.xml; path = Info.plist; sourceTree = "<group>"; };
		BC097D301DB7E9E0004B55BB /* CategoriesTableViewController.h */ = {isa = PBXFileReference; fileEncoding = 4; lastKnownFileType = sourcecode.c.h; path = CategoriesTableViewController.h; sourceTree = "<group>"; };
		BC097D311DB7E9E0004B55BB /* CategoriesTableViewController.m */ = {isa = PBXFileReference; fileEncoding = 4; lastKnownFileType = sourcecode.c.objc; path = CategoriesTableViewController.m; sourceTree = "<group>"; };
		BC5C71A81DBA566F0075A137 /* CategoryEventsTVC.h */ = {isa = PBXFileReference; fileEncoding = 4; lastKnownFileType = sourcecode.c.h; path = CategoryEventsTVC.h; sourceTree = "<group>"; };
		BC5C71A91DBA566F0075A137 /* CategoryEventsTVC.m */ = {isa = PBXFileReference; fileEncoding = 4; lastKnownFileType = sourcecode.c.objc; path = CategoryEventsTVC.m; sourceTree = "<group>"; };
		BC5C71AB1DBA63EA0075A137 /* EventTableViewCell.h */ = {isa = PBXFileReference; fileEncoding = 4; lastKnownFileType = sourcecode.c.h; path = EventTableViewCell.h; sourceTree = "<group>"; };
		BC5C71AC1DBA63EA0075A137 /* EventTableViewCell.m */ = {isa = PBXFileReference; fileEncoding = 4; lastKnownFileType = sourcecode.c.objc; path = EventTableViewCell.m; sourceTree = "<group>"; };
		BC5C71AE1DBAA9960075A137 /* SubeventViewController.h */ = {isa = PBXFileReference; fileEncoding = 4; lastKnownFileType = sourcecode.c.h; path = SubeventViewController.h; sourceTree = "<group>"; };
		BC5C71AF1DBAA9960075A137 /* SubeventViewController.m */ = {isa = PBXFileReference; fileEncoding = 4; lastKnownFileType = sourcecode.c.objc; path = SubeventViewController.m; sourceTree = "<group>"; };
		BC62B9A61DB921A900CD444E /* CultservFetcher.h */ = {isa = PBXFileReference; fileEncoding = 4; lastKnownFileType = sourcecode.c.h; path = CultservFetcher.h; sourceTree = "<group>"; };
		BC62B9A71DB921A900CD444E /* CultservFetcher.m */ = {isa = PBXFileReference; fileEncoding = 4; lastKnownFileType = sourcecode.c.objc; path = CultservFetcher.m; sourceTree = "<group>"; };
/* End PBXFileReference section */

/* Begin PBXFrameworksBuildPhase section */
		BC097D0D1DB7E4FE004B55BB /* Frameworks */ = {
			isa = PBXFrameworksBuildPhase;
			buildActionMask = 2147483647;
			files = (
			);
			runOnlyForDeploymentPostprocessing = 0;
		};
/* End PBXFrameworksBuildPhase section */

/* Begin PBXGroup section */
		BC097D071DB7E4FE004B55BB = {
			isa = PBXGroup;
			children = (
				BC097D121DB7E4FE004B55BB /* CulturEvents */,
				BC097D111DB7E4FE004B55BB /* Products */,
			);
			sourceTree = "<group>";
		};
		BC097D111DB7E4FE004B55BB /* Products */ = {
			isa = PBXGroup;
			children = (
				BC097D101DB7E4FE004B55BB /* CulturEvents.app */,
			);
			name = Products;
			sourceTree = "<group>";
		};
		BC097D121DB7E4FE004B55BB /* CulturEvents */ = {
			isa = PBXGroup;
			children = (
				BC62B9A61DB921A900CD444E /* CultservFetcher.h */,
				BC62B9A71DB921A900CD444E /* CultservFetcher.m */,
				BC097D301DB7E9E0004B55BB /* CategoriesTableViewController.h */,
				BC097D311DB7E9E0004B55BB /* CategoriesTableViewController.m */,
				BC5C71A81DBA566F0075A137 /* CategoryEventsTVC.h */,
				BC5C71A91DBA566F0075A137 /* CategoryEventsTVC.m */,
				BC5C71AB1DBA63EA0075A137 /* EventTableViewCell.h */,
				BC5C71AC1DBA63EA0075A137 /* EventTableViewCell.m */,
				BC5C71AE1DBAA9960075A137 /* SubeventViewController.h */,
				BC5C71AF1DBAA9960075A137 /* SubeventViewController.m */,
				BC097D1C1DB7E4FF004B55BB /* Main.storyboard */,
				BC097D1F1DB7E4FF004B55BB /* Assets.xcassets */,
				BC097D211DB7E4FF004B55BB /* LaunchScreen.storyboard */,
				BC097D241DB7E4FF004B55BB /* Info.plist */,
				BC097D131DB7E4FE004B55BB /* Supporting Files */,
			);
			path = CulturEvents;
			sourceTree = "<group>";
		};
		BC097D131DB7E4FE004B55BB /* Supporting Files */ = {
			isa = PBXGroup;
			children = (
				BC097D161DB7E4FE004B55BB /* AppDelegate.h */,
				BC097D171DB7E4FE004B55BB /* AppDelegate.m */,
				BC097D141DB7E4FE004B55BB /* main.m */,
			);
			name = "Supporting Files";
			sourceTree = "<group>";
		};
/* End PBXGroup section */

/* Begin PBXNativeTarget section */
		BC097D0F1DB7E4FE004B55BB /* CulturEvents */ = {
			isa = PBXNativeTarget;
			buildConfigurationList = BC097D271DB7E4FF004B55BB /* Build configuration list for PBXNativeTarget "CulturEvents" */;
			buildPhases = (
				BC097D0C1DB7E4FE004B55BB /* Sources */,
				BC097D0D1DB7E4FE004B55BB /* Frameworks */,
				BC097D0E1DB7E4FE004B55BB /* Resources */,
			);
			buildRules = (
			);
			dependencies = (
			);
			name = CulturEvents;
			productName = CulturEvents;
			productReference = BC097D101DB7E4FE004B55BB /* CulturEvents.app */;
			productType = "com.apple.product-type.application";
		};
/* End PBXNativeTarget section */

/* Begin PBXProject section */
		BC097D081DB7E4FE004B55BB /* Project object */ = {
			isa = PBXProject;
			attributes = {
				LastUpgradeCheck = 0800;
				ORGANIZATIONNAME = "Vladimir Bolotov";
				TargetAttributes = {
					BC097D0F1DB7E4FE004B55BB = {
						CreatedOnToolsVersion = 8.0;
						DevelopmentTeam = 5ZQVMY2389;
						ProvisioningStyle = Automatic;
					};
				};
			};
			buildConfigurationList = BC097D0B1DB7E4FE004B55BB /* Build configuration list for PBXProject "CulturEvents" */;
			compatibilityVersion = "Xcode 3.2";
			developmentRegion = English;
			hasScannedForEncodings = 0;
			knownRegions = (
				en,
				Base,
			);
			mainGroup = BC097D071DB7E4FE004B55BB;
			productRefGroup = BC097D111DB7E4FE004B55BB /* Products */;
			projectDirPath = "";
			projectRoot = "";
			targets = (
				BC097D0F1DB7E4FE004B55BB /* CulturEvents */,
			);
		};
/* End PBXProject section */

/* Begin PBXResourcesBuildPhase section */
		BC097D0E1DB7E4FE004B55BB /* Resources */ = {
			isa = PBXResourcesBuildPhase;
			buildActionMask = 2147483647;
			files = (
				BC097D231DB7E4FF004B55BB /* LaunchScreen.storyboard in Resources */,
				BC097D201DB7E4FF004B55BB /* Assets.xcassets in Resources */,
				BC097D1E1DB7E4FF004B55BB /* Main.storyboard in Resources */,
			);
			runOnlyForDeploymentPostprocessing = 0;
		};
/* End PBXResourcesBuildPhase section */

/* Begin PBXSourcesBuildPhase section */
		BC097D0C1DB7E4FE004B55BB /* Sources */ = {
			isa = PBXSourcesBuildPhase;
			buildActionMask = 2147483647;
			files = (
				BC097D181DB7E4FE004B55BB /* AppDelegate.m in Sources */,
				BC62B9A81DB921A900CD444E /* CultservFetcher.m in Sources */,
				BC5C71B01DBAA9960075A137 /* SubeventViewController.m in Sources */,
				BC5C71AD1DBA63EA0075A137 /* EventTableViewCell.m in Sources */,
				BC5C71AA1DBA566F0075A137 /* CategoryEventsTVC.m in Sources */,
				BC097D151DB7E4FE004B55BB /* main.m in Sources */,
				BC097D321DB7E9E0004B55BB /* CategoriesTableViewController.m in Sources */,
			);
			runOnlyForDeploymentPostprocessing = 0;
		};
/* End PBXSourcesBuildPhase section */

/* Begin PBXVariantGroup section */
		BC097D1C1DB7E4FF004B55BB /* Main.storyboard */ = {
			isa = PBXVariantGroup;
			children = (
				BC097D1D1DB7E4FF004B55BB /* Base */,
			);
			name = Main.storyboard;
			sourceTree = "<group>";
		};
		BC097D211DB7E4FF004B55BB /* LaunchScreen.storyboard */ = {
			isa = PBXVariantGroup;
			children = (
				BC097D221DB7E4FF004B55BB /* Base */,
			);
			name = LaunchScreen.storyboard;
			sourceTree = "<group>";
		};
/* End PBXVariantGroup section */

/* Begin XCBuildConfiguration section */
		BC097D251DB7E4FF004B55BB /* Debug */ = {
			isa = XCBuildConfiguration;
			buildSettings = {
				ALWAYS_SEARCH_USER_PATHS = NO;
				CLANG_ANALYZER_NONNULL = YES;
				CLANG_CXX_LANGUAGE_STANDARD = "gnu++0x";
				CLANG_CXX_LIBRARY = "libc++";
				CLANG_ENABLE_MODULES = YES;
				CLANG_ENABLE_OBJC_ARC = YES;
				CLANG_WARN_BOOL_CONVERSION = YES;
				CLANG_WARN_CONSTANT_CONVERSION = YES;
				CLANG_WARN_DIRECT_OBJC_ISA_USAGE = YES_ERROR;
				CLANG_WARN_DOCUMENTATION_COMMENTS = YES;
				CLANG_WARN_EMPTY_BODY = YES;
				CLANG_WARN_ENUM_CONVERSION = YES;
				CLANG_WARN_INFINITE_RECURSION = YES;
				CLANG_WARN_INT_CONVERSION = YES;
				CLANG_WARN_OBJC_ROOT_CLASS = YES_ERROR;
				CLANG_WARN_SUSPICIOUS_MOVES = YES;
				CLANG_WARN_UNREACHABLE_CODE = YES;
				CLANG_WARN__DUPLICATE_METHOD_MATCH = YES;
				"CODE_SIGN_IDENTITY[sdk=iphoneos*]" = "iPhone Developer";
				COPY_PHASE_STRIP = NO;
				DEBUG_INFORMATION_FORMAT = dwarf;
				ENABLE_STRICT_OBJC_MSGSEND = YES;
				ENABLE_TESTABILITY = YES;
				GCC_C_LANGUAGE_STANDARD = gnu99;
				GCC_DYNAMIC_NO_PIC = NO;
				GCC_NO_COMMON_BLOCKS = YES;
				GCC_OPTIMIZATION_LEVEL = 0;
				GCC_PREPROCESSOR_DEFINITIONS = (
					"DEBUG=1",
					"$(inherited)",
				);
				GCC_WARN_64_TO_32_BIT_CONVERSION = YES;
				GCC_WARN_ABOUT_RETURN_TYPE = YES_ERROR;
				GCC_WARN_UNDECLARED_SELECTOR = YES;
				GCC_WARN_UNINITIALIZED_AUTOS = YES_AGGRESSIVE;
				GCC_WARN_UNUSED_FUNCTION = YES;
				GCC_WARN_UNUSED_VARIABLE = YES;
				IPHONEOS_DEPLOYMENT_TARGET = 10.0;
				MTL_ENABLE_DEBUG_INFO = YES;
				ONLY_ACTIVE_ARCH = YES;
				SDKROOT = iphoneos;
			};
			name = Debug;
		};
		BC097D261DB7E4FF004B55BB /* Release */ = {
			isa = XCBuildConfiguration;
			buildSettings = {
				ALWAYS_SEARCH_USER_PATHS = NO;
				CLANG_ANALYZER_NONNULL = YES;
				CLANG_CXX_LANGUAGE_STANDARD = "gnu++0x";
				CLANG_CXX_LIBRARY = "libc++";
				CLANG_ENABLE_MODULES = YES;
				CLANG_ENABLE_OBJC_ARC = YES;
				CLANG_WARN_BOOL_CONVERSION = YES;
				CLANG_WARN_CONSTANT_CONVERSION = YES;
				CLANG_WARN_DIRECT_OBJC_ISA_USAGE = YES_ERROR;
				CLANG_WARN_DOCUMENTATION_COMMENTS = YES;
				CLANG_WARN_EMPTY_BODY = YES;
				CLANG_WARN_ENUM_CONVERSION = YES;
				CLANG_WARN_INFINITE_RECURSION = YES;
				CLANG_WARN_INT_CONVERSION = YES;
				CLANG_WARN_OBJC_ROOT_CLASS = YES_ERROR;
				CLANG_WARN_SUSPICIOUS_MOVES = YES;
				CLANG_WARN_UNREACHABLE_CODE = YES;
				CLANG_WARN__DUPLICATE_METHOD_MATCH = YES;
				"CODE_SIGN_IDENTITY[sdk=iphoneos*]" = "iPhone Developer";
				COPY_PHASE_STRIP = NO;
				DEBUG_INFORMATION_FORMAT = "dwarf-with-dsym";
				ENABLE_NS_ASSERTIONS = NO;
				ENABLE_STRICT_OBJC_MSGSEND = YES;
				GCC_C_LANGUAGE_STANDARD = gnu99;
				GCC_NO_COMMON_BLOCKS = YES;
				GCC_WARN_64_TO_32_BIT_CONVERSION = YES;
				GCC_WARN_ABOUT_RETURN_TYPE = YES_ERROR;
				GCC_WARN_UNDECLARED_SELECTOR = YES;
				GCC_WARN_UNINITIALIZED_AUTOS = YES_AGGRESSIVE;
				GCC_WARN_UNUSED_FUNCTION = YES;
				GCC_WARN_UNUSED_VARIABLE = YES;
				IPHONEOS_DEPLOYMENT_TARGET = 10.0;
				MTL_ENABLE_DEBUG_INFO = NO;
				SDKROOT = iphoneos;
				VALIDATE_PRODUCT = YES;
			};
			name = Release;
		};
		BC097D281DB7E4FF004B55BB /* Debug */ = {
			isa = XCBuildConfiguration;
			buildSettings = {
				ASSETCATALOG_COMPILER_APPICON_NAME = AppIcon;
				DEVELOPMENT_TEAM = 5ZQVMY2389;
				INFOPLIST_FILE = CulturEvents/Info.plist;
				IPHONEOS_DEPLOYMENT_TARGET = 8.0;
				LD_RUNPATH_SEARCH_PATHS = "$(inherited) @executable_path/Frameworks";
				PRODUCT_BUNDLE_IDENTIFIER = com.bva.CulturEvents;
				PRODUCT_NAME = "$(TARGET_NAME)";
			};
			name = Debug;
		};
		BC097D291DB7E4FF004B55BB /* Release */ = {
			isa = XCBuildConfiguration;
			buildSettings = {
				ASSETCATALOG_COMPILER_APPICON_NAME = AppIcon;
				DEVELOPMENT_TEAM = 5ZQVMY2389;
				INFOPLIST_FILE = CulturEvents/Info.plist;
				IPHONEOS_DEPLOYMENT_TARGET = 8.0;
				LD_RUNPATH_SEARCH_PATHS = "$(inherited) @executable_path/Frameworks";
				PRODUCT_BUNDLE_IDENTIFIER = com.bva.CulturEvents;
				PRODUCT_NAME = "$(TARGET_NAME)";
			};
			name = Release;
		};
/* End XCBuildConfiguration section */

/* Begin XCConfigurationList section */
		BC097D0B1DB7E4FE004B55BB /* Build configuration list for PBXProject "CulturEvents" */ = {
			isa = XCConfigurationList;
			buildConfigurations = (
				BC097D251DB7E4FF004B55BB /* Debug */,
				BC097D261DB7E4FF004B55BB /* Release */,
			);
			defaultConfigurationIsVisible = 0;
			defaultConfigurationName = Release;
		};
		BC097D271DB7E4FF004B55BB /* Build configuration list for PBXNativeTarget "CulturEvents" */ = {
			isa = XCConfigurationList;
			buildConfigurations = (
				BC097D281DB7E4FF004B55BB /* Debug */,
				BC097D291DB7E4FF004B55BB /* Release */,
			);
			defaultConfigurationIsVisible = 0;
			defaultConfigurationName = Release;
		};
/* End XCConfigurationList section */
	};
	rootObject = BC097D081DB7E4FE004B55BB /* Project object */;
}
